
Microsoft Visual Studio Solution File, Format Version 12.00
# Visual Studio Version 17
VisualStudioVersion = 17.10.35013.160
MinimumVisualStudioVersion = 10.0.40219.1
Project("{FAE04EC0-301F-11D3-BF4B-00C04F79EFBC}") = "WFCrud", "WFCrud\WFCrud.csproj", "{C03711F4-3E76-43F9-9F71-2E5C0D18557E}"
EndProject
Global
	GlobalSection(SolutionConfigurationPlatforms) = preSolution
		Debug|Any CPU = Debug|Any CPU
		Release|Any CPU = Release|Any CPU
	EndGlobalSection
	GlobalSection(ProjectConfigurationPlatforms) = postSolution
		{C03711F4-3E76-43F9-9F71-2E5C0D18557E}.Debug|Any CPU.ActiveCfg = Debug|Any CPU
		{C03711F4-3E76-43F9-9F71-2E5C0D18557E}.Debug|Any CPU.Build.0 = Debug|Any CPU
		{C03711F4-3E76-43F9-9F71-2E5C0D18557E}.Release|Any CPU.ActiveCfg = Release|Any CPU
		{C03711F4-3E76-43F9-9F71-2E5C0D18557E}.Release|Any CPU.Build.0 = Release|Any CPU
	EndGlobalSection
	GlobalSection(SolutionProperties) = preSolution
		HideSolutionNode = FALSE
	EndGlobalSection
	GlobalSection(ExtensibilityGlobals) = postSolution
		SolutionGuid = {E4980B5E-BFB7-4A92-A6CB-B744A6F88386}
	EndGlobalSection
EndGlobal
